
Microsoft Visual Studio Solution File, Format Version 12.00
# Visual Studio Version 17
VisualStudioVersion = 17.14.36518.9 d17.14
MinimumVisualStudioVersion = 10.0.40219.1
Project("{FAE04EC0-301F-11D3-BF4B-00C04F79EFBC}") = "UserCRUDApp", "UserCRUDApp\UserCRUDApp.csproj", "{A8FD52DC-CED3-478B-A5C3-F6B1F77786AD}"
EndProject
Global
	GlobalSection(SolutionConfigurationPlatforms) = preSolution
		Debug|Any CPU = Debug|Any CPU
		Release|Any CPU = Release|Any CPU
	EndGlobalSection
	GlobalSection(ProjectConfigurationPlatforms) = postSolution
		{A8FD52DC-CED3-478B-A5C3-F6B1F77786AD}.Debug|Any CPU.ActiveCfg = Debug|Any CPU
		{A8FD52DC-CED3-478B-A5C3-F6B1F77786AD}.Debug|Any CPU.Build.0 = Debug|Any CPU
		{A8FD52DC-CED3-478B-A5C3-F6B1F77786AD}.Release|Any CPU.ActiveCfg = Release|Any CPU
		{A8FD52DC-CED3-478B-A5C3-F6B1F77786AD}.Release|Any CPU.Build.0 = Release|Any CPU
	EndGlobalSection
	GlobalSection(SolutionProperties) = preSolution
		HideSolutionNode = FALSE
	EndGlobalSection
	GlobalSection(ExtensibilityGlobals) = postSolution
		SolutionGuid = {4458ACBE-D144-4C84-BCEC-2DA5B5FFDDD7}
	EndGlobalSection
EndGlobal
